
Microsoft Visual Studio Solution File, Format Version 12.00
# Visual Studio Version 17
VisualStudioVersion = 17.14.36518.9
MinimumVisualStudioVersion = 10.0.40219.1
Project("{FAE04EC0-301F-11D3-BF4B-00C04F79EFBC}") = "ConversorCSharpDelphi", "ConversorCSharpDelphi\ConversorCSharpDelphi.csproj", "{BFFE066F-27FE-CCBA-9110-5E6CAA698C28}"
EndProject
Project("{FAE04EC0-301F-11D3-BF4B-00C04F79EFBC}") = "ConversorCSharpDelphi2", "ConversorCSharpDelphi2\ConversorCSharpDelphi2.csproj", "{C1BC8C22-CA46-6978-815C-70569D9F543A}"
EndProject
Project("{FAE04EC0-301F-11D3-BF4B-00C04F79EFBC}") = "ConversorCSharpDelphi3", "ConversorCSharpDelphi3\ConversorCSharpDelphi3.csproj", "{5B4EFA3D-2EC6-49E3-08ED-796A679EAE88}"
EndProject
Global
	GlobalSection(SolutionConfigurationPlatforms) = preSolution
		Debug|Any CPU = Debug|Any CPU
		Release|Any CPU = Release|Any CPU
	EndGlobalSection
	GlobalSection(ProjectConfigurationPlatforms) = postSolution
		{BFFE066F-27FE-CCBA-9110-5E6CAA698C28}.Debug|Any CPU.ActiveCfg = Debug|Any CPU
		{BFFE066F-27FE-CCBA-9110-5E6CAA698C28}.Debug|Any CPU.Build.0 = Debug|Any CPU
		{BFFE066F-27FE-CCBA-9110-5E6CAA698C28}.Release|Any CPU.ActiveCfg = Release|Any CPU
		{BFFE066F-27FE-CCBA-9110-5E6CAA698C28}.Release|Any CPU.Build.0 = Release|Any CPU
		{C1BC8C22-CA46-6978-815C-70569D9F543A}.Debug|Any CPU.ActiveCfg = Debug|Any CPU
		{C1BC8C22-CA46-6978-815C-70569D9F543A}.Debug|Any CPU.Build.0 = Debug|Any CPU
		{C1BC8C22-CA46-6978-815C-70569D9F543A}.Release|Any CPU.ActiveCfg = Release|Any CPU
		{C1BC8C22-CA46-6978-815C-70569D9F543A}.Release|Any CPU.Build.0 = Release|Any CPU
		{5B4EFA3D-2EC6-49E3-08ED-796A679EAE88}.Debug|Any CPU.ActiveCfg = Debug|Any CPU
		{5B4EFA3D-2EC6-49E3-08ED-796A679EAE88}.Debug|Any CPU.Build.0 = Debug|Any CPU
		{5B4EFA3D-2EC6-49E3-08ED-796A679EAE88}.Release|Any CPU.ActiveCfg = Release|Any CPU
		{5B4EFA3D-2EC6-49E3-08ED-796A679EAE88}.Release|Any CPU.Build.0 = Release|Any CPU
	EndGlobalSection
	GlobalSection(SolutionProperties) = preSolution
		HideSolutionNode = FALSE
	EndGlobalSection
	GlobalSection(ExtensibilityGlobals) = postSolution
		SolutionGuid = {85514776-7017-45F3-852A-6D73BD465032}
	EndGlobalSection
EndGlobal
